
Microsoft Visual Studio Solution File, Format Version 12.00
# Visual Studio Version 17
VisualStudioVersion = 17.13.35825.156 d17.13
MinimumVisualStudioVersion = 10.0.40219.1
Project("{FAE04EC0-301F-11D3-BF4B-00C04F79EFBC}") = "ConsoleApp3", "ConsoleApp3\ConsoleApp3.csproj", "{FDB15FB7-D2C6-4BBB-B03D-49C97C5A11FB}"
EndProject
Global
	GlobalSection(SolutionConfigurationPlatforms) = preSolution
		Debug|Any CPU = Debug|Any CPU
		Release|Any CPU = Release|Any CPU
	EndGlobalSection
	GlobalSection(ProjectConfigurationPlatforms) = postSolution
		{FDB15FB7-D2C6-4BBB-B03D-49C97C5A11FB}.Debug|Any CPU.ActiveCfg = Debug|Any CPU
		{FDB15FB7-D2C6-4BBB-B03D-49C97C5A11FB}.Debug|Any CPU.Build.0 = Debug|Any CPU
		{FDB15FB7-D2C6-4BBB-B03D-49C97C5A11FB}.Release|Any CPU.ActiveCfg = Release|Any CPU
		{FDB15FB7-D2C6-4BBB-B03D-49C97C5A11FB}.Release|Any CPU.Build.0 = Release|Any CPU
	EndGlobalSection
	GlobalSection(SolutionProperties) = preSolution
		HideSolutionNode = FALSE
	EndGlobalSection
	GlobalSection(ExtensibilityGlobals) = postSolution
		SolutionGuid = {61002E00-30CC-41E1-88A8-CFC2621D08C7}
	EndGlobalSection
EndGlobal
